
Microsoft Visual Studio Solution File, Format Version 12.00
# Visual Studio Version 17
VisualStudioVersion = 17.1.32421.90
MinimumVisualStudioVersion = 10.0.40219.1
Project("{FAE04EC0-301F-11D3-BF4B-00C04F79EFBC}") = "BookApp.React", "BookApp.React\BookApp.React.csproj", "{ABB0A0D5-FA18-47ED-AA7C-C621DF0764E3}"
EndProject
Project("{00D1A9C2-B5F0-4AF3-8072-F6C62B433612}") = "BookApp.SqlServer", "BookApp.SqlServer\BookApp.SqlServer.sqlproj", "{A8E7FD0F-6FC5-4C3B-9FA6-BFCF6F8B6C07}"
EndProject
Project("{FAE04EC0-301F-11D3-BF4B-00C04F79EFBC}") = "BookApp.Shared", "BookApp.Shared\BookApp.Shared.csproj", "{D52B22D2-2E7B-467B-B9CA-F80641663ADB}"
EndProject
Global
	GlobalSection(SolutionConfigurationPlatforms) = preSolution
		Debug|Any CPU = Debug|Any CPU
		Release|Any CPU = Release|Any CPU
	EndGlobalSection
	GlobalSection(ProjectConfigurationPlatforms) = postSolution
		{ABB0A0D5-FA18-47ED-AA7C-C621DF0764E3}.Debug|Any CPU.ActiveCfg = Debug|Any CPU
		{ABB0A0D5-FA18-47ED-AA7C-C621DF0764E3}.Debug|Any CPU.Build.0 = Debug|Any CPU
		{ABB0A0D5-FA18-47ED-AA7C-C621DF0764E3}.Release|Any CPU.ActiveCfg = Release|Any CPU
		{ABB0A0D5-FA18-47ED-AA7C-C621DF0764E3}.Release|Any CPU.Build.0 = Release|Any CPU
		{A8E7FD0F-6FC5-4C3B-9FA6-BFCF6F8B6C07}.Debug|Any CPU.ActiveCfg = Debug|Any CPU
		{A8E7FD0F-6FC5-4C3B-9FA6-BFCF6F8B6C07}.Debug|Any CPU.Build.0 = Debug|Any CPU
		{A8E7FD0F-6FC5-4C3B-9FA6-BFCF6F8B6C07}.Debug|Any CPU.Deploy.0 = Debug|Any CPU
		{A8E7FD0F-6FC5-4C3B-9FA6-BFCF6F8B6C07}.Release|Any CPU.ActiveCfg = Release|Any CPU
		{A8E7FD0F-6FC5-4C3B-9FA6-BFCF6F8B6C07}.Release|Any CPU.Build.0 = Release|Any CPU
		{A8E7FD0F-6FC5-4C3B-9FA6-BFCF6F8B6C07}.Release|Any CPU.Deploy.0 = Release|Any CPU
		{D52B22D2-2E7B-467B-B9CA-F80641663ADB}.Debug|Any CPU.ActiveCfg = Debug|Any CPU
		{D52B22D2-2E7B-467B-B9CA-F80641663ADB}.Debug|Any CPU.Build.0 = Debug|Any CPU
		{D52B22D2-2E7B-467B-B9CA-F80641663ADB}.Release|Any CPU.ActiveCfg = Release|Any CPU
		{D52B22D2-2E7B-467B-B9CA-F80641663ADB}.Release|Any CPU.Build.0 = Release|Any CPU
	EndGlobalSection
	GlobalSection(SolutionProperties) = preSolution
		HideSolutionNode = FALSE
	EndGlobalSection
	GlobalSection(ExtensibilityGlobals) = postSolution
		SolutionGuid = {3CF81E57-C425-47AA-A985-BAD658EE154D}
	EndGlobalSection
EndGlobal
